
Microsoft Visual Studio Solution File, Format Version 12.00
# Visual Studio Version 17
VisualStudioVersion = 17.9.34902.65
MinimumVisualStudioVersion = 10.0.40219.1
Project("{888888A0-9F3D-457C-B088-3A5042F75D52}") = "AutoFileCreation", "AutoFileCreation.pyproj", "{FC5E9698-BE8A-4BC0-9F62-B812D88C11FB}"
EndProject
Global
	GlobalSection(SolutionConfigurationPlatforms) = preSolution
		Debug|Any CPU = Debug|Any CPU
		Release|Any CPU = Release|Any CPU
	EndGlobalSection
	GlobalSection(ProjectConfigurationPlatforms) = postSolution
		{FC5E9698-BE8A-4BC0-9F62-B812D88C11FB}.Debug|Any CPU.ActiveCfg = Debug|Any CPU
		{FC5E9698-BE8A-4BC0-9F62-B812D88C11FB}.Release|Any CPU.ActiveCfg = Release|Any CPU
	EndGlobalSection
	GlobalSection(SolutionProperties) = preSolution
		HideSolutionNode = FALSE
	EndGlobalSection
	GlobalSection(ExtensibilityGlobals) = postSolution
		SolutionGuid = {080103D6-39AA-4052-BAA0-86481F58AA67}
	EndGlobalSection
EndGlobal
